{
  "name": "src",
  "version": "1.0.0",
  "lockfileVersion": 1,
  "requires": true,
  "dependencies": {
    "country-code-lookup": {
      "version": "0.0.14",
      "resolved": "https://registry.npmjs.org/country-code-lookup/-/country-code-lookup-0.0.14.tgz",
      "integrity": "sha512-asW14fBPPma4JZOE6RvJM2T6p2ER1ZQOc3NGdOi/leolZKKgyi8qqZi+7SOaLK7PissJlmhUlLHmKMZEULZmLw=="
    },
    "flag-colors": {
      "version": "0.1.0",
      "resolved": "https://registry.npmjs.org/flag-colors/-/flag-colors-0.1.0.tgz",
      "integrity": "sha1-+juuJJs+QvesprAOWgqT73b8w4A="
    }
  }
}
